
Microsoft Visual Studio Solution File, Format Version 12.00
# Visual Studio Version 17
VisualStudioVersion = 17.10.35122.118
MinimumVisualStudioVersion = 10.0.40219.1
Project("{FAE04EC0-301F-11D3-BF4B-00C04F79EFBC}") = "ConsoleApp1", "ConsoleApp1\ConsoleApp1.csproj", "{0EFFA6A4-DB9A-46FE-9366-70DC890A5D55}"
EndProject
Global
	GlobalSection(SolutionConfigurationPlatforms) = preSolution
		Debug|Any CPU = Debug|Any CPU
		Release|Any CPU = Release|Any CPU
	EndGlobalSection
	GlobalSection(ProjectConfigurationPlatforms) = postSolution
		{0EFFA6A4-DB9A-46FE-9366-70DC890A5D55}.Debug|Any CPU.ActiveCfg = Debug|Any CPU
		{0EFFA6A4-DB9A-46FE-9366-70DC890A5D55}.Debug|Any CPU.Build.0 = Debug|Any CPU
		{0EFFA6A4-DB9A-46FE-9366-70DC890A5D55}.Release|Any CPU.ActiveCfg = Release|Any CPU
		{0EFFA6A4-DB9A-46FE-9366-70DC890A5D55}.Release|Any CPU.Build.0 = Release|Any CPU
	EndGlobalSection
	GlobalSection(SolutionProperties) = preSolution
		HideSolutionNode = FALSE
	EndGlobalSection
	GlobalSection(ExtensibilityGlobals) = postSolution
		SolutionGuid = {16E82CD3-1A56-4A31-8199-BB5AE69AE137}
	EndGlobalSection
EndGlobal
